
Microsoft Visual Studio Solution File, Format Version 12.00
# Visual Studio 15
VisualStudioVersion = 15.0.27703.2035
MinimumVisualStudioVersion = 10.0.40219.1
Project("{8BC9CEB8-8B4A-11D0-8D11-00A0C91BC942}") = "Project4", "Project4\Project4.vcxproj", "{4010F72F-7493-4FB9-A681-B7D7CBA31C1A}"
EndProject
Global
	GlobalSection(SolutionConfigurationPlatforms) = preSolution
		Debug|x64 = Debug|x64
		Debug|x86 = Debug|x86
		Release|x64 = Release|x64
		Release|x86 = Release|x86
	EndGlobalSection
	GlobalSection(ProjectConfigurationPlatforms) = postSolution
		{4010F72F-7493-4FB9-A681-B7D7CBA31C1A}.Debug|x64.ActiveCfg = Debug|x64
		{4010F72F-7493-4FB9-A681-B7D7CBA31C1A}.Debug|x64.Build.0 = Debug|x64
		{4010F72F-7493-4FB9-A681-B7D7CBA31C1A}.Debug|x86.ActiveCfg = Debug|Win32
		{4010F72F-7493-4FB9-A681-B7D7CBA31C1A}.Debug|x86.Build.0 = Debug|Win32
		{4010F72F-7493-4FB9-A681-B7D7CBA31C1A}.Release|x64.ActiveCfg = Release|x64
		{4010F72F-7493-4FB9-A681-B7D7CBA31C1A}.Release|x64.Build.0 = Release|x64
		{4010F72F-7493-4FB9-A681-B7D7CBA31C1A}.Release|x86.ActiveCfg = Release|Win32
		{4010F72F-7493-4FB9-A681-B7D7CBA31C1A}.Release|x86.Build.0 = Release|Win32
	EndGlobalSection
	GlobalSection(SolutionProperties) = preSolution
		HideSolutionNode = FALSE
	EndGlobalSection
	GlobalSection(ExtensibilityGlobals) = postSolution
		SolutionGuid = {DE1E9910-862D-46E5-BC2A-BD7B424968B6}
	EndGlobalSection
EndGlobal
